// !$*UTF8*$!
{
	archiveVersion = 1;
	classes = {
	};
	objectVersion = 50;
	objects = {

/* Begin PBXBuildFile section */
		8412B6C821FFFD7D00EA728D /* AppDelegate.swift in Sources */ = {isa = PBXBuildFile; fileRef = 8412B6C721FFFD7D00EA728D /* AppDelegate.swift */; };
		8412B6CD21FFFD7D00EA728D /* Main.storyboard in Resources */ = {isa = PBXBuildFile; fileRef = 8412B6CB21FFFD7D00EA728D /* Main.storyboard */; };
		8412B6D221FFFD8100EA728D /* LaunchScreen.storyboard in Resources */ = {isa = PBXBuildFile; fileRef = 8412B6D021FFFD8100EA728D /* LaunchScreen.storyboard */; };
		844B9283223766DB00BF79DE /* ContactsListViewController.swift in Sources */ = {isa = PBXBuildFile; fileRef = 844B9282223766DB00BF79DE /* ContactsListViewController.swift */; };
		846137C5220555E9009194EA /* ContactDetailsViewController.swift in Sources */ = {isa = PBXBuildFile; fileRef = 846137C4220555E9009194EA /* ContactDetailsViewController.swift */; };
		D861D16E22FD73ED004F0981 /* UIViewController+Helpers.swift in Sources */ = {isa = PBXBuildFile; fileRef = D861D16D22FD73ED004F0981 /* UIViewController+Helpers.swift */; };
		D861D17522FD7FAC004F0981 /* FieldTableViewCell.swift in Sources */ = {isa = PBXBuildFile; fileRef = D861D17122FD7FAC004F0981 /* FieldTableViewCell.swift */; };
		D861D17622FD7FAC004F0981 /* ProfileImageTableViewCell.swift in Sources */ = {isa = PBXBuildFile; fileRef = D861D17222FD7FAC004F0981 /* ProfileImageTableViewCell.swift */; };
		D861D17722FD7FAC004F0981 /* ProfileImageTableViewCell.xib in Resources */ = {isa = PBXBuildFile; fileRef = D861D17322FD7FAC004F0981 /* ProfileImageTableViewCell.xib */; };
		D867423F22FC5B18004C2B9A /* ContactModel.swift in Sources */ = {isa = PBXBuildFile; fileRef = D867423E22FC5B18004C2B9A /* ContactModel.swift */; };
		D867424322FC6424004C2B9A /* NetworkManager.swift in Sources */ = {isa = PBXBuildFile; fileRef = D867424222FC6424004C2B9A /* NetworkManager.swift */; };
		D867424722FC6A0A004C2B9A /* ContactCell.swift in Sources */ = {isa = PBXBuildFile; fileRef = D867424522FC6A0A004C2B9A /* ContactCell.swift */; };
		D867424822FC6A0A004C2B9A /* ContactCell.xib in Resources */ = {isa = PBXBuildFile; fileRef = D867424622FC6A0A004C2B9A /* ContactCell.xib */; };
		D867424A22FC6DF1004C2B9A /* Assests.xcassets in Resources */ = {isa = PBXBuildFile; fileRef = D867424922FC6DF1004C2B9A /* Assests.xcassets */; };
		D867424C22FC6F48004C2B9A /* ContactListViewModel.swift in Sources */ = {isa = PBXBuildFile; fileRef = D867424B22FC6F48004C2B9A /* ContactListViewModel.swift */; };
		D867424E22FC6F74004C2B9A /* Protocols.swift in Sources */ = {isa = PBXBuildFile; fileRef = D867424D22FC6F74004C2B9A /* Protocols.swift */; };
		D867425022FCA763004C2B9A /* Storyboard.swift in Sources */ = {isa = PBXBuildFile; fileRef = D867424F22FCA763004C2B9A /* Storyboard.swift */; };
		D8BBE21D22FDC6B200425BAE /* Constants.swift in Sources */ = {isa = PBXBuildFile; fileRef = D8BBE21C22FDC6B200425BAE /* Constants.swift */; };
		D8BBE22122FDCA7E00425BAE /* UITextField+DoneAccessory.swift in Sources */ = {isa = PBXBuildFile; fileRef = D8BBE22022FDCA7E00425BAE /* UITextField+DoneAccessory.swift */; };
		D8BBE22522FDE0E400425BAE /* ContactDetailsViewModel.swift in Sources */ = {isa = PBXBuildFile; fileRef = D8BBE22422FDE0E400425BAE /* ContactDetailsViewModel.swift */; };
		D8BBE22822FDE71000425BAE /* NetworkManagerProtocol.swift in Sources */ = {isa = PBXBuildFile; fileRef = D8BBE22722FDE71000425BAE /* NetworkManagerProtocol.swift */; };
		D8BBE22A22FDE77300425BAE /* NetworkManagerRequest.swift in Sources */ = {isa = PBXBuildFile; fileRef = D8BBE22922FDE77300425BAE /* NetworkManagerRequest.swift */; };
		D8BBE22C22FED14A00425BAE /* UIImageView+Download.swift in Sources */ = {isa = PBXBuildFile; fileRef = D8BBE22B22FED14A00425BAE /* UIImageView+Download.swift */; };
		D8BBE22F22FF1C2900425BAE /* ContactAddEditViewController.swift in Sources */ = {isa = PBXBuildFile; fileRef = D8BBE22E22FF1C2900425BAE /* ContactAddEditViewController.swift */; };
		D8BBE23222FF216E00425BAE /* ContactAddEditViewModel.swift in Sources */ = {isa = PBXBuildFile; fileRef = D8BBE23122FF216E00425BAE /* ContactAddEditViewModel.swift */; };
		D8BBE23622FF2FD800425BAE /* ContactDeleteTableViewCell.swift in Sources */ = {isa = PBXBuildFile; fileRef = D8BBE23422FF2FD800425BAE /* ContactDeleteTableViewCell.swift */; };
		D8BBE23722FF2FD800425BAE /* ContactDeleteTableViewCell.xib in Resources */ = {isa = PBXBuildFile; fileRef = D8BBE23522FF2FD800425BAE /* ContactDeleteTableViewCell.xib */; };
		D8BDE81322FDB41E00188646 /* FieldTableViewCell.xib in Resources */ = {isa = PBXBuildFile; fileRef = D8BDE81222FDB41E00188646 /* FieldTableViewCell.xib */; };
/* End PBXBuildFile section */

/* Begin PBXFileReference section */
		8412B6C421FFFD7D00EA728D /* Contacts.app */ = {isa = PBXFileReference; explicitFileType = wrapper.application; includeInIndex = 0; path = Contacts.app; sourceTree = BUILT_PRODUCTS_DIR; };
		8412B6C721FFFD7D00EA728D /* AppDelegate.swift */ = {isa = PBXFileReference; lastKnownFileType = sourcecode.swift; path = AppDelegate.swift; sourceTree = "<group>"; };
		8412B6CC21FFFD7D00EA728D /* Base */ = {isa = PBXFileReference; lastKnownFileType = file.storyboard; name = Base; path = Base.lproj/Main.storyboard; sourceTree = "<group>"; };
		8412B6D121FFFD8100EA728D /* Base */ = {isa = PBXFileReference; lastKnownFileType = file.storyboard; name = Base; path = Base.lproj/LaunchScreen.storyboard; sourceTree = "<group>"; };
		8412B6D321FFFD8100EA728D /* Info.plist */ = {isa = PBXFileReference; lastKnownFileType = text.plist.xml; path = Info.plist; sourceTree = "<group>"; };
		844B9282223766DB00BF79DE /* ContactsListViewController.swift */ = {isa = PBXFileReference; fileEncoding = 4; lastKnownFileType = sourcecode.swift; path = ContactsListViewController.swift; sourceTree = "<group>"; };
		846137C4220555E9009194EA /* ContactDetailsViewController.swift */ = {isa = PBXFileReference; lastKnownFileType = sourcecode.swift; path = ContactDetailsViewController.swift; sourceTree = "<group>"; };
		D861D16D22FD73ED004F0981 /* UIViewController+Helpers.swift */ = {isa = PBXFileReference; fileEncoding = 4; lastKnownFileType = sourcecode.swift; path = "UIViewController+Helpers.swift"; sourceTree = "<group>"; };
		D861D17122FD7FAC004F0981 /* FieldTableViewCell.swift */ = {isa = PBXFileReference; fileEncoding = 4; lastKnownFileType = sourcecode.swift; path = FieldTableViewCell.swift; sourceTree = "<group>"; };
		D861D17222FD7FAC004F0981 /* ProfileImageTableViewCell.swift */ = {isa = PBXFileReference; fileEncoding = 4; lastKnownFileType = sourcecode.swift; path = ProfileImageTableViewCell.swift; sourceTree = "<group>"; };
		D861D17322FD7FAC004F0981 /* ProfileImageTableViewCell.xib */ = {isa = PBXFileReference; fileEncoding = 4; lastKnownFileType = file.xib; path = ProfileImageTableViewCell.xib; sourceTree = "<group>"; };
		D867423E22FC5B18004C2B9A /* ContactModel.swift */ = {isa = PBXFileReference; lastKnownFileType = sourcecode.swift; path = ContactModel.swift; sourceTree = "<group>"; };
		D867424222FC6424004C2B9A /* NetworkManager.swift */ = {isa = PBXFileReference; lastKnownFileType = sourcecode.swift; path = NetworkManager.swift; sourceTree = "<group>"; };
		D867424522FC6A0A004C2B9A /* ContactCell.swift */ = {isa = PBXFileReference; lastKnownFileType = sourcecode.swift; path = ContactCell.swift; sourceTree = "<group>"; };
		D867424622FC6A0A004C2B9A /* ContactCell.xib */ = {isa = PBXFileReference; lastKnownFileType = file.xib; path = ContactCell.xib; sourceTree = "<group>"; };
		D867424922FC6DF1004C2B9A /* Assests.xcassets */ = {isa = PBXFileReference; lastKnownFileType = folder.assetcatalog; path = Assests.xcassets; sourceTree = "<group>"; };
		D867424B22FC6F48004C2B9A /* ContactListViewModel.swift */ = {isa = PBXFileReference; lastKnownFileType = sourcecode.swift; path = ContactListViewModel.swift; sourceTree = "<group>"; };
		D867424D22FC6F74004C2B9A /* Protocols.swift */ = {isa = PBXFileReference; lastKnownFileType = sourcecode.swift; path = Protocols.swift; sourceTree = "<group>"; };
		D867424F22FCA763004C2B9A /* Storyboard.swift */ = {isa = PBXFileReference; fileEncoding = 4; lastKnownFileType = sourcecode.swift; path = Storyboard.swift; sourceTree = "<group>"; };
		D8BBE21C22FDC6B200425BAE /* Constants.swift */ = {isa = PBXFileReference; lastKnownFileType = sourcecode.swift; path = Constants.swift; sourceTree = "<group>"; };
		D8BBE22022FDCA7E00425BAE /* UITextField+DoneAccessory.swift */ = {isa = PBXFileReference; lastKnownFileType = sourcecode.swift; path = "UITextField+DoneAccessory.swift"; sourceTree = "<group>"; };
		D8BBE22422FDE0E400425BAE /* ContactDetailsViewModel.swift */ = {isa = PBXFileReference; lastKnownFileType = sourcecode.swift; path = ContactDetailsViewModel.swift; sourceTree = "<group>"; };
		D8BBE22722FDE71000425BAE /* NetworkManagerProtocol.swift */ = {isa = PBXFileReference; lastKnownFileType = sourcecode.swift; path = NetworkManagerProtocol.swift; sourceTree = "<group>"; };
		D8BBE22922FDE77300425BAE /* NetworkManagerRequest.swift */ = {isa = PBXFileReference; lastKnownFileType = sourcecode.swift; path = NetworkManagerRequest.swift; sourceTree = "<group>"; };
		D8BBE22B22FED14A00425BAE /* UIImageView+Download.swift */ = {isa = PBXFileReference; fileEncoding = 4; lastKnownFileType = sourcecode.swift; path = "UIImageView+Download.swift"; sourceTree = "<group>"; };
		D8BBE22E22FF1C2900425BAE /* ContactAddEditViewController.swift */ = {isa = PBXFileReference; lastKnownFileType = sourcecode.swift; path = ContactAddEditViewController.swift; sourceTree = "<group>"; };
		D8BBE23122FF216E00425BAE /* ContactAddEditViewModel.swift */ = {isa = PBXFileReference; lastKnownFileType = sourcecode.swift; path = ContactAddEditViewModel.swift; sourceTree = "<group>"; };
		D8BBE23422FF2FD800425BAE /* ContactDeleteTableViewCell.swift */ = {isa = PBXFileReference; lastKnownFileType = sourcecode.swift; path = ContactDeleteTableViewCell.swift; sourceTree = "<group>"; };
		D8BBE23522FF2FD800425BAE /* ContactDeleteTableViewCell.xib */ = {isa = PBXFileReference; lastKnownFileType = file.xib; path = ContactDeleteTableViewCell.xib; sourceTree = "<group>"; };
		D8BDE81222FDB41E00188646 /* FieldTableViewCell.xib */ = {isa = PBXFileReference; lastKnownFileType = file.xib; path = FieldTableViewCell.xib; sourceTree = "<group>"; };
/* End PBXFileReference section */

/* Begin PBXFrameworksBuildPhase section */
		8412B6C121FFFD7D00EA728D /* Frameworks */ = {
			isa = PBXFrameworksBuildPhase;
			buildActionMask = 2147483647;
			files = (
			);
			runOnlyForDeploymentPostprocessing = 0;
		};
/* End PBXFrameworksBuildPhase section */

/* Begin PBXGroup section */
		8412B6BB21FFFD7D00EA728D = {
			isa = PBXGroup;
			children = (
				8412B6C621FFFD7D00EA728D /* Contacts */,
				8412B6C521FFFD7D00EA728D /* Products */,
			);
			sourceTree = "<group>";
		};
		8412B6C521FFFD7D00EA728D /* Products */ = {
			isa = PBXGroup;
			children = (
				8412B6C421FFFD7D00EA728D /* Contacts.app */,
			);
			name = Products;
			sourceTree = "<group>";
		};
		8412B6C621FFFD7D00EA728D /* Contacts */ = {
			isa = PBXGroup;
			children = (
				D867423C22FC5AD4004C2B9A /* Models */,
				D867423D22FC5ADB004C2B9A /* Shared */,
				D867423A22FC5ABD004C2B9A /* ViewControllers */,
				D867423B22FC5AC8004C2B9A /* ViewModels */,
				D867424022FC5C6C004C2B9A /* Views */,
				D867424922FC6DF1004C2B9A /* Assests.xcassets */,
				8412B6D321FFFD8100EA728D /* Info.plist */,
			);
			path = Contacts;
			sourceTree = "<group>";
		};
		D861D16F22FD7EFF004F0981 /* ContactListViewController */ = {
			isa = PBXGroup;
			children = (
				D867424422FC69B5004C2B9A /* TableviewCell */,
				844B9282223766DB00BF79DE /* ContactsListViewController.swift */,
			);
			path = ContactListViewController;
			sourceTree = "<group>";
		};
		D861D17022FD7F0D004F0981 /* ContactDetailsViewController */ = {
			isa = PBXGroup;
			children = (
				D861D17922FD7FB2004F0981 /* TableViewCell */,
				846137C4220555E9009194EA /* ContactDetailsViewController.swift */,
			);
			path = ContactDetailsViewController;
			sourceTree = "<group>";
		};
		D861D17922FD7FB2004F0981 /* TableViewCell */ = {
			isa = PBXGroup;
			children = (
				D861D17122FD7FAC004F0981 /* FieldTableViewCell.swift */,
				D8BDE81222FDB41E00188646 /* FieldTableViewCell.xib */,
				D861D17222FD7FAC004F0981 /* ProfileImageTableViewCell.swift */,
				D861D17322FD7FAC004F0981 /* ProfileImageTableViewCell.xib */,
			);
			path = TableViewCell;
			sourceTree = "<group>";
		};
		D867423A22FC5ABD004C2B9A /* ViewControllers */ = {
			isa = PBXGroup;
			children = (
				D861D16F22FD7EFF004F0981 /* ContactListViewController */,
				D861D17022FD7F0D004F0981 /* ContactDetailsViewController */,
				D8BBE22D22FF1BDE00425BAE /* ContactAddEditViewController */,
			);
			path = ViewControllers;
			sourceTree = "<group>";
		};
		D867423B22FC5AC8004C2B9A /* ViewModels */ = {
			isa = PBXGroup;
			children = (
				D8BBE23022FF212E00425BAE /* ContactAddEditViewModel */,
				D8BBE22322FDE0BC00425BAE /* ContactDetailsViewModel */,
				D8BBE22222FDE0AF00425BAE /* ContactListViewModel */,
			);
			path = ViewModels;
			sourceTree = "<group>";
		};
		D867423C22FC5AD4004C2B9A /* Models */ = {
			isa = PBXGroup;
			children = (
				D867423E22FC5B18004C2B9A /* ContactModel.swift */,
			);
			path = Models;
			sourceTree = "<group>";
		};
		D867423D22FC5ADB004C2B9A /* Shared */ = {
			isa = PBXGroup;
			children = (
				D8BBE22622FDE6F400425BAE /* NetworkManager */,
				8412B6C721FFFD7D00EA728D /* AppDelegate.swift */,
				D8BBE22B22FED14A00425BAE /* UIImageView+Download.swift */,
				D8BBE21C22FDC6B200425BAE /* Constants.swift */,
				D867424D22FC6F74004C2B9A /* Protocols.swift */,
				D867424F22FCA763004C2B9A /* Storyboard.swift */,
				D861D16D22FD73ED004F0981 /* UIViewController+Helpers.swift */,
				D8BBE22022FDCA7E00425BAE /* UITextField+DoneAccessory.swift */,
			);
			path = Shared;
			sourceTree = "<group>";
		};
		D867424022FC5C6C004C2B9A /* Views */ = {
			isa = PBXGroup;
			children = (
				D867424122FC5C72004C2B9A /* Storyboards */,
			);
			path = Views;
			sourceTree = "<group>";
		};
		D867424122FC5C72004C2B9A /* Storyboards */ = {
			isa = PBXGroup;
			children = (
				8412B6CB21FFFD7D00EA728D /* Main.storyboard */,
				8412B6D021FFFD8100EA728D /* LaunchScreen.storyboard */,
			);
			path = Storyboards;
			sourceTree = "<group>";
		};
		D867424422FC69B5004C2B9A /* TableviewCell */ = {
			isa = PBXGroup;
			children = (
				D867424522FC6A0A004C2B9A /* ContactCell.swift */,
				D867424622FC6A0A004C2B9A /* ContactCell.xib */,
			);
			path = TableviewCell;
			sourceTree = "<group>";
		};
		D8BBE22222FDE0AF00425BAE /* ContactListViewModel */ = {
			isa = PBXGroup;
			children = (
				D867424B22FC6F48004C2B9A /* ContactListViewModel.swift */,
			);
			path = ContactListViewModel;
			sourceTree = "<group>";
		};
		D8BBE22322FDE0BC00425BAE /* ContactDetailsViewModel */ = {
			isa = PBXGroup;
			children = (
				D8BBE22422FDE0E400425BAE /* ContactDetailsViewModel.swift */,
			);
			path = ContactDetailsViewModel;
			sourceTree = "<group>";
		};
		D8BBE22622FDE6F400425BAE /* NetworkManager */ = {
			isa = PBXGroup;
			children = (
				D867424222FC6424004C2B9A /* NetworkManager.swift */,
				D8BBE22722FDE71000425BAE /* NetworkManagerProtocol.swift */,
				D8BBE22922FDE77300425BAE /* NetworkManagerRequest.swift */,
			);
			path = NetworkManager;
			sourceTree = "<group>";
		};
		D8BBE22D22FF1BDE00425BAE /* ContactAddEditViewController */ = {
			isa = PBXGroup;
			children = (
				D8BBE23322FF2F9E00425BAE /* DeleteButtonCell */,
				D8BBE22E22FF1C2900425BAE /* ContactAddEditViewController.swift */,
			);
			path = ContactAddEditViewController;
			sourceTree = "<group>";
		};
		D8BBE23022FF212E00425BAE /* ContactAddEditViewModel */ = {
			isa = PBXGroup;
			children = (
				D8BBE23122FF216E00425BAE /* ContactAddEditViewModel.swift */,
			);
			path = ContactAddEditViewModel;
			sourceTree = "<group>";
		};
		D8BBE23322FF2F9E00425BAE /* DeleteButtonCell */ = {
			isa = PBXGroup;
			children = (
				D8BBE23422FF2FD800425BAE /* ContactDeleteTableViewCell.swift */,
				D8BBE23522FF2FD800425BAE /* ContactDeleteTableViewCell.xib */,
			);
			path = DeleteButtonCell;
			sourceTree = "<group>";
		};
/* End PBXGroup section */

/* Begin PBXNativeTarget section */
		8412B6C321FFFD7D00EA728D /* Contacts */ = {
			isa = PBXNativeTarget;
			buildConfigurationList = 8412B6EC21FFFD8100EA728D /* Build configuration list for PBXNativeTarget "Contacts" */;
			buildPhases = (
				8412B6C021FFFD7D00EA728D /* Sources */,
				8412B6C121FFFD7D00EA728D /* Frameworks */,
				8412B6C221FFFD7D00EA728D /* Resources */,
			);
			buildRules = (
			);
			dependencies = (
			);
			name = Contacts;
			productName = Contacts;
			productReference = 8412B6C421FFFD7D00EA728D /* Contacts.app */;
			productType = "com.apple.product-type.application";
		};
/* End PBXNativeTarget section */

/* Begin PBXProject section */
		8412B6BC21FFFD7D00EA728D /* Project object */ = {
			isa = PBXProject;
			attributes = {
				LastSwiftUpdateCheck = 1010;
				LastUpgradeCheck = 1010;
				ORGANIZATIONNAME = GoJek;
				TargetAttributes = {
					8412B6C321FFFD7D00EA728D = {
						CreatedOnToolsVersion = 10.1;
					};
				};
			};
			buildConfigurationList = 8412B6BF21FFFD7D00EA728D /* Build configuration list for PBXProject "Contacts" */;
			compatibilityVersion = "Xcode 9.3";
			developmentRegion = en;
			hasScannedForEncodings = 0;
			knownRegions = (
				en,
				Base,
			);
			mainGroup = 8412B6BB21FFFD7D00EA728D;
			productRefGroup = 8412B6C521FFFD7D00EA728D /* Products */;
			projectDirPath = "";
			projectRoot = "";
			targets = (
				8412B6C321FFFD7D00EA728D /* Contacts */,
			);
		};
/* End PBXProject section */

/* Begin PBXResourcesBuildPhase section */
		8412B6C221FFFD7D00EA728D /* Resources */ = {
			isa = PBXResourcesBuildPhase;
			buildActionMask = 2147483647;
			files = (
				D861D17722FD7FAC004F0981 /* ProfileImageTableViewCell.xib in Resources */,
				D867424A22FC6DF1004C2B9A /* Assests.xcassets in Resources */,
				D8BDE81322FDB41E00188646 /* FieldTableViewCell.xib in Resources */,
				8412B6D221FFFD8100EA728D /* LaunchScreen.storyboard in Resources */,
				8412B6CD21FFFD7D00EA728D /* Main.storyboard in Resources */,
				D867424822FC6A0A004C2B9A /* ContactCell.xib in Resources */,
				D8BBE23722FF2FD800425BAE /* ContactDeleteTableViewCell.xib in Resources */,
			);
			runOnlyForDeploymentPostprocessing = 0;
		};
/* End PBXResourcesBuildPhase section */

/* Begin PBXSourcesBuildPhase section */
		8412B6C021FFFD7D00EA728D /* Sources */ = {
			isa = PBXSourcesBuildPhase;
			buildActionMask = 2147483647;
			files = (
				D8BBE22A22FDE77300425BAE /* NetworkManagerRequest.swift in Sources */,
				D867424722FC6A0A004C2B9A /* ContactCell.swift in Sources */,
				844B9283223766DB00BF79DE /* ContactsListViewController.swift in Sources */,
				D8BBE23222FF216E00425BAE /* ContactAddEditViewModel.swift in Sources */,
				D8BBE22122FDCA7E00425BAE /* UITextField+DoneAccessory.swift in Sources */,
				D8BBE23622FF2FD800425BAE /* ContactDeleteTableViewCell.swift in Sources */,
				8412B6C821FFFD7D00EA728D /* AppDelegate.swift in Sources */,
				D867424322FC6424004C2B9A /* NetworkManager.swift in Sources */,
				D867423F22FC5B18004C2B9A /* ContactModel.swift in Sources */,
				D861D17622FD7FAC004F0981 /* ProfileImageTableViewCell.swift in Sources */,
				D861D17522FD7FAC004F0981 /* FieldTableViewCell.swift in Sources */,
				D8BBE21D22FDC6B200425BAE /* Constants.swift in Sources */,
				D8BBE22F22FF1C2900425BAE /* ContactAddEditViewController.swift in Sources */,
				D867424C22FC6F48004C2B9A /* ContactListViewModel.swift in Sources */,
				846137C5220555E9009194EA /* ContactDetailsViewController.swift in Sources */,
				D8BBE22C22FED14A00425BAE /* UIImageView+Download.swift in Sources */,
				D867425022FCA763004C2B9A /* Storyboard.swift in Sources */,
				D861D16E22FD73ED004F0981 /* UIViewController+Helpers.swift in Sources */,
				D867424E22FC6F74004C2B9A /* Protocols.swift in Sources */,
				D8BBE22822FDE71000425BAE /* NetworkManagerProtocol.swift in Sources */,
				D8BBE22522FDE0E400425BAE /* ContactDetailsViewModel.swift in Sources */,
			);
			runOnlyForDeploymentPostprocessing = 0;
		};
/* End PBXSourcesBuildPhase section */

/* Begin PBXVariantGroup section */
		8412B6CB21FFFD7D00EA728D /* Main.storyboard */ = {
			isa = PBXVariantGroup;
			children = (
				8412B6CC21FFFD7D00EA728D /* Base */,
			);
			name = Main.storyboard;
			sourceTree = "<group>";
		};
		8412B6D021FFFD8100EA728D /* LaunchScreen.storyboard */ = {
			isa = PBXVariantGroup;
			children = (
				8412B6D121FFFD8100EA728D /* Base */,
			);
			name = LaunchScreen.storyboard;
			sourceTree = "<group>";
		};
/* End PBXVariantGroup section */

/* Begin XCBuildConfiguration section */
		8412B6EA21FFFD8100EA728D /* Debug */ = {
			isa = XCBuildConfiguration;
			buildSettings = {
				ALWAYS_SEARCH_USER_PATHS = NO;
				CLANG_ANALYZER_NONNULL = YES;
				CLANG_ANALYZER_NUMBER_OBJECT_CONVERSION = YES_AGGRESSIVE;
				CLANG_CXX_LANGUAGE_STANDARD = "gnu++14";
				CLANG_CXX_LIBRARY = "libc++";
				CLANG_ENABLE_MODULES = YES;
				CLANG_ENABLE_OBJC_ARC = YES;
				CLANG_ENABLE_OBJC_WEAK = YES;
				CLANG_WARN_BLOCK_CAPTURE_AUTORELEASING = YES;
				CLANG_WARN_BOOL_CONVERSION = YES;
				CLANG_WARN_COMMA = YES;
				CLANG_WARN_CONSTANT_CONVERSION = YES;
				CLANG_WARN_DEPRECATED_OBJC_IMPLEMENTATIONS = YES;
				CLANG_WARN_DIRECT_OBJC_ISA_USAGE = YES_ERROR;
				CLANG_WARN_DOCUMENTATION_COMMENTS = YES;
				CLANG_WARN_EMPTY_BODY = YES;
				CLANG_WARN_ENUM_CONVERSION = YES;
				CLANG_WARN_INFINITE_RECURSION = YES;
				CLANG_WARN_INT_CONVERSION = YES;
				CLANG_WARN_NON_LITERAL_NULL_CONVERSION = YES;
				CLANG_WARN_OBJC_IMPLICIT_RETAIN_SELF = YES;
				CLANG_WARN_OBJC_LITERAL_CONVERSION = YES;
				CLANG_WARN_OBJC_ROOT_CLASS = YES_ERROR;
				CLANG_WARN_RANGE_LOOP_ANALYSIS = YES;
				CLANG_WARN_STRICT_PROTOTYPES = YES;
				CLANG_WARN_SUSPICIOUS_MOVE = YES;
				CLANG_WARN_UNGUARDED_AVAILABILITY = YES_AGGRESSIVE;
				CLANG_WARN_UNREACHABLE_CODE = YES;
				CLANG_WARN__DUPLICATE_METHOD_MATCH = YES;
				CODE_SIGN_IDENTITY = "iPhone Developer";
				COPY_PHASE_STRIP = NO;
				DEBUG_INFORMATION_FORMAT = dwarf;
				ENABLE_STRICT_OBJC_MSGSEND = YES;
				ENABLE_TESTABILITY = YES;
				GCC_C_LANGUAGE_STANDARD = gnu11;
				GCC_DYNAMIC_NO_PIC = NO;
				GCC_NO_COMMON_BLOCKS = YES;
				GCC_OPTIMIZATION_LEVEL = 0;
				GCC_PREPROCESSOR_DEFINITIONS = (
					"DEBUG=1",
					"$(inherited)",
				);
				GCC_WARN_64_TO_32_BIT_CONVERSION = YES;
				GCC_WARN_ABOUT_RETURN_TYPE = YES_ERROR;
				GCC_WARN_UNDECLARED_SELECTOR = YES;
				GCC_WARN_UNINITIALIZED_AUTOS = YES_AGGRESSIVE;
				GCC_WARN_UNUSED_FUNCTION = YES;
				GCC_WARN_UNUSED_VARIABLE = YES;
				IPHONEOS_DEPLOYMENT_TARGET = 10.0;
				MTL_ENABLE_DEBUG_INFO = INCLUDE_SOURCE;
				MTL_FAST_MATH = YES;
				ONLY_ACTIVE_ARCH = YES;
				SDKROOT = iphoneos;
				SWIFT_ACTIVE_COMPILATION_CONDITIONS = DEBUG;
				SWIFT_OPTIMIZATION_LEVEL = "-Onone";
			};
			name = Debug;
		};
		8412B6EB21FFFD8100EA728D /* Release */ = {
			isa = XCBuildConfiguration;
			buildSettings = {
				ALWAYS_SEARCH_USER_PATHS = NO;
				CLANG_ANALYZER_NONNULL = YES;
				CLANG_ANALYZER_NUMBER_OBJECT_CONVERSION = YES_AGGRESSIVE;
				CLANG_CXX_LANGUAGE_STANDARD = "gnu++14";
				CLANG_CXX_LIBRARY = "libc++";
				CLANG_ENABLE_MODULES = YES;
				CLANG_ENABLE_OBJC_ARC = YES;
				CLANG_ENABLE_OBJC_WEAK = YES;
				CLANG_WARN_BLOCK_CAPTURE_AUTORELEASING = YES;
				CLANG_WARN_BOOL_CONVERSION = YES;
				CLANG_WARN_COMMA = YES;
				CLANG_WARN_CONSTANT_CONVERSION = YES;
				CLANG_WARN_DEPRECATED_OBJC_IMPLEMENTATIONS = YES;
				CLANG_WARN_DIRECT_OBJC_ISA_USAGE = YES_ERROR;
				CLANG_WARN_DOCUMENTATION_COMMENTS = YES;
				CLANG_WARN_EMPTY_BODY = YES;
				CLANG_WARN_ENUM_CONVERSION = YES;
				CLANG_WARN_INFINITE_RECURSION = YES;
				CLANG_WARN_INT_CONVERSION = YES;
				CLANG_WARN_NON_LITERAL_NULL_CONVERSION = YES;
				CLANG_WARN_OBJC_IMPLICIT_RETAIN_SELF = YES;
				CLANG_WARN_OBJC_LITERAL_CONVERSION = YES;
				CLANG_WARN_OBJC_ROOT_CLASS = YES_ERROR;
				CLANG_WARN_RANGE_LOOP_ANALYSIS = YES;
				CLANG_WARN_STRICT_PROTOTYPES = YES;
				CLANG_WARN_SUSPICIOUS_MOVE = YES;
				CLANG_WARN_UNGUARDED_AVAILABILITY = YES_AGGRESSIVE;
				CLANG_WARN_UNREACHABLE_CODE = YES;
				CLANG_WARN__DUPLICATE_METHOD_MATCH = YES;
				CODE_SIGN_IDENTITY = "iPhone Developer";
				COPY_PHASE_STRIP = NO;
				DEBUG_INFORMATION_FORMAT = "dwarf-with-dsym";
				ENABLE_NS_ASSERTIONS = NO;
				ENABLE_STRICT_OBJC_MSGSEND = YES;
				GCC_C_LANGUAGE_STANDARD = gnu11;
				GCC_NO_COMMON_BLOCKS = YES;
				GCC_WARN_64_TO_32_BIT_CONVERSION = YES;
				GCC_WARN_ABOUT_RETURN_TYPE = YES_ERROR;
				GCC_WARN_UNDECLARED_SELECTOR = YES;
				GCC_WARN_UNINITIALIZED_AUTOS = YES_AGGRESSIVE;
				GCC_WARN_UNUSED_FUNCTION = YES;
				GCC_WARN_UNUSED_VARIABLE = YES;
				IPHONEOS_DEPLOYMENT_TARGET = 10.0;
				MTL_ENABLE_DEBUG_INFO = NO;
				MTL_FAST_MATH = YES;
				SDKROOT = iphoneos;
				SWIFT_COMPILATION_MODE = wholemodule;
				SWIFT_OPTIMIZATION_LEVEL = "-O";
				VALIDATE_PRODUCT = YES;
			};
			name = Release;
		};
		8412B6ED21FFFD8100EA728D /* Debug */ = {
			isa = XCBuildConfiguration;
			buildSettings = {
				ASSETCATALOG_COMPILER_APPICON_NAME = AppIcon;
				CODE_SIGN_STYLE = Automatic;
				DEVELOPMENT_TEAM = 64SFR68HJX;
				INFOPLIST_FILE = Contacts/Info.plist;
				IPHONEOS_DEPLOYMENT_TARGET = 10.0;
				LD_RUNPATH_SEARCH_PATHS = (
					"$(inherited)",
					"@executable_path/Frameworks",
				);
				PRODUCT_BUNDLE_IDENTIFIER = "go-jek.Contacts";
				PRODUCT_NAME = "$(TARGET_NAME)";
				SWIFT_VERSION = 4.2;
				TARGETED_DEVICE_FAMILY = "1,2";
			};
			name = Debug;
		};
		8412B6EE21FFFD8100EA728D /* Release */ = {
			isa = XCBuildConfiguration;
			buildSettings = {
				ASSETCATALOG_COMPILER_APPICON_NAME = AppIcon;
				CODE_SIGN_STYLE = Automatic;
				DEVELOPMENT_TEAM = 64SFR68HJX;
				INFOPLIST_FILE = Contacts/Info.plist;
				IPHONEOS_DEPLOYMENT_TARGET = 10.0;
				LD_RUNPATH_SEARCH_PATHS = (
					"$(inherited)",
					"@executable_path/Frameworks",
				);
				PRODUCT_BUNDLE_IDENTIFIER = "go-jek.Contacts";
				PRODUCT_NAME = "$(TARGET_NAME)";
				SWIFT_VERSION = 4.2;
				TARGETED_DEVICE_FAMILY = "1,2";
			};
			name = Release;
		};
/* End XCBuildConfiguration section */

/* Begin XCConfigurationList section */
		8412B6BF21FFFD7D00EA728D /* Build configuration list for PBXProject "Contacts" */ = {
			isa = XCConfigurationList;
			buildConfigurations = (
				8412B6EA21FFFD8100EA728D /* Debug */,
				8412B6EB21FFFD8100EA728D /* Release */,
			);
			defaultConfigurationIsVisible = 0;
			defaultConfigurationName = Release;
		};
		8412B6EC21FFFD8100EA728D /* Build configuration list for PBXNativeTarget "Contacts" */ = {
			isa = XCConfigurationList;
			buildConfigurations = (
				8412B6ED21FFFD8100EA728D /* Debug */,
				8412B6EE21FFFD8100EA728D /* Release */,
			);
			defaultConfigurationIsVisible = 0;
			defaultConfigurationName = Release;
		};
/* End XCConfigurationList section */
	};
	rootObject = 8412B6BC21FFFD7D00EA728D /* Project object */;
}
